
Microsoft Visual Studio Solution File, Format Version 12.00
# Visual Studio Version 17
VisualStudioVersion = 17.9.34616.47
MinimumVisualStudioVersion = 10.0.40219.1
Project("{FAE04EC0-301F-11D3-BF4B-00C04F79EFBC}") = "Prac_Node", "Prac_Node.csproj", "{4653554B-8774-40E4-90AA-B13313CF8230}"
EndProject
Global
	GlobalSection(SolutionConfigurationPlatforms) = preSolution
		Debug|Any CPU = Debug|Any CPU
		Release|Any CPU = Release|Any CPU
	EndGlobalSection
	GlobalSection(ProjectConfigurationPlatforms) = postSolution
		{4653554B-8774-40E4-90AA-B13313CF8230}.Debug|Any CPU.ActiveCfg = Debug|Any CPU
		{4653554B-8774-40E4-90AA-B13313CF8230}.Debug|Any CPU.Build.0 = Debug|Any CPU
		{4653554B-8774-40E4-90AA-B13313CF8230}.Release|Any CPU.ActiveCfg = Release|Any CPU
		{4653554B-8774-40E4-90AA-B13313CF8230}.Release|Any CPU.Build.0 = Release|Any CPU
	EndGlobalSection
	GlobalSection(SolutionProperties) = preSolution
		HideSolutionNode = FALSE
	EndGlobalSection
	GlobalSection(ExtensibilityGlobals) = postSolution
		SolutionGuid = {8C27F7F9-CEF7-40F0-AD94-D5F6AB950FD4}
	EndGlobalSection
EndGlobal
