
Microsoft Visual Studio Solution File, Format Version 12.00
# Visual Studio Version 17
VisualStudioVersion = 17.9.34616.47
MinimumVisualStudioVersion = 10.0.40219.1
Project("{FAE04EC0-301F-11D3-BF4B-00C04F79EFBC}") = "ToDoList", "ToDoList\ToDoList.csproj", "{7798DC10-8AA8-4210-B7B9-72E3220CEF23}"
EndProject
Global
	GlobalSection(SolutionConfigurationPlatforms) = preSolution
		Debug|Any CPU = Debug|Any CPU
		Release|Any CPU = Release|Any CPU
	EndGlobalSection
	GlobalSection(ProjectConfigurationPlatforms) = postSolution
		{7798DC10-8AA8-4210-B7B9-72E3220CEF23}.Debug|Any CPU.ActiveCfg = Debug|Any CPU
		{7798DC10-8AA8-4210-B7B9-72E3220CEF23}.Debug|Any CPU.Build.0 = Debug|Any CPU
		{7798DC10-8AA8-4210-B7B9-72E3220CEF23}.Release|Any CPU.ActiveCfg = Release|Any CPU
		{7798DC10-8AA8-4210-B7B9-72E3220CEF23}.Release|Any CPU.Build.0 = Release|Any CPU
	EndGlobalSection
	GlobalSection(SolutionProperties) = preSolution
		HideSolutionNode = FALSE
	EndGlobalSection
	GlobalSection(ExtensibilityGlobals) = postSolution
		SolutionGuid = {6A8FA54C-66BD-4C13-9852-59998674BE21}
	EndGlobalSection
EndGlobal
