
Microsoft Visual Studio Solution File, Format Version 12.00
# Visual Studio Version 17
VisualStudioVersion = 17.9.34616.47
MinimumVisualStudioVersion = 10.0.40219.1
Project("{FAE04EC0-301F-11D3-BF4B-00C04F79EFBC}") = "AreaCalculator", "AreaCalculator\AreaCalculator.csproj", "{5626DA70-1E16-48A9-9B6E-68609643E11A}"
EndProject
Global
	GlobalSection(SolutionConfigurationPlatforms) = preSolution
		Debug|Any CPU = Debug|Any CPU
		Release|Any CPU = Release|Any CPU
	EndGlobalSection
	GlobalSection(ProjectConfigurationPlatforms) = postSolution
		{5626DA70-1E16-48A9-9B6E-68609643E11A}.Debug|Any CPU.ActiveCfg = Debug|Any CPU
		{5626DA70-1E16-48A9-9B6E-68609643E11A}.Debug|Any CPU.Build.0 = Debug|Any CPU
		{5626DA70-1E16-48A9-9B6E-68609643E11A}.Release|Any CPU.ActiveCfg = Release|Any CPU
		{5626DA70-1E16-48A9-9B6E-68609643E11A}.Release|Any CPU.Build.0 = Release|Any CPU
	EndGlobalSection
	GlobalSection(SolutionProperties) = preSolution
		HideSolutionNode = FALSE
	EndGlobalSection
	GlobalSection(ExtensibilityGlobals) = postSolution
		SolutionGuid = {53CC7728-91BB-43F0-A82B-2F6D4477B382}
	EndGlobalSection
EndGlobal
