
Microsoft Visual Studio Solution File, Format Version 12.00
# Visual Studio Version 17
VisualStudioVersion = 17.9.34616.47
MinimumVisualStudioVersion = 10.0.40219.1
Project("{FAE04EC0-301F-11D3-BF4B-00C04F79EFBC}") = "MajanProject", "MajanProject\MajanProject.csproj", "{1D99AF83-3F14-4F44-95DF-E7948CEA749A}"
EndProject
Global
	GlobalSection(SolutionConfigurationPlatforms) = preSolution
		Debug|Any CPU = Debug|Any CPU
		Release|Any CPU = Release|Any CPU
	EndGlobalSection
	GlobalSection(ProjectConfigurationPlatforms) = postSolution
		{1D99AF83-3F14-4F44-95DF-E7948CEA749A}.Debug|Any CPU.ActiveCfg = Debug|Any CPU
		{1D99AF83-3F14-4F44-95DF-E7948CEA749A}.Debug|Any CPU.Build.0 = Debug|Any CPU
		{1D99AF83-3F14-4F44-95DF-E7948CEA749A}.Release|Any CPU.ActiveCfg = Release|Any CPU
		{1D99AF83-3F14-4F44-95DF-E7948CEA749A}.Release|Any CPU.Build.0 = Release|Any CPU
	EndGlobalSection
	GlobalSection(SolutionProperties) = preSolution
		HideSolutionNode = FALSE
	EndGlobalSection
	GlobalSection(ExtensibilityGlobals) = postSolution
		SolutionGuid = {59276059-DC8D-47D3-960E-760D3F8102C4}
	EndGlobalSection
EndGlobal
